
Microsoft Visual Studio Solution File, Format Version 12.00
# Visual Studio 15
Project("{FAE04EC0-301F-11D3-BF4B-00C04F79EFBC}") = "Assembly-CSharp", "Assembly-CSharp.csproj", "{2FD8CE07-7E41-0FFB-A27C-F3E364EF8174}"
EndProject
Project("{FAE04EC0-301F-11D3-BF4B-00C04F79EFBC}") = "Assembly-CSharp-firstpass", "Assembly-CSharp-firstpass.csproj", "{284F7F49-3CF4-01EA-8FD6-E5ABDF0E048A}"
EndProject
Global
	GlobalSection(SolutionConfigurationPlatforms) = preSolution
		Debug|Any CPU = Debug|Any CPU
		Release|Any CPU = Release|Any CPU
	EndGlobalSection
	GlobalSection(ProjectConfigurationPlatforms) = postSolution
		{2FD8CE07-7E41-0FFB-A27C-F3E364EF8174}.Debug|Any CPU.ActiveCfg = Debug|Any CPU
		{2FD8CE07-7E41-0FFB-A27C-F3E364EF8174}.Debug|Any CPU.Build.0 = Debug|Any CPU
		{2FD8CE07-7E41-0FFB-A27C-F3E364EF8174}.Release|Any CPU.ActiveCfg = Release|Any CPU
		{2FD8CE07-7E41-0FFB-A27C-F3E364EF8174}.Release|Any CPU.Build.0 = Release|Any CPU
		{284F7F49-3CF4-01EA-8FD6-E5ABDF0E048A}.Debug|Any CPU.ActiveCfg = Debug|Any CPU
		{284F7F49-3CF4-01EA-8FD6-E5ABDF0E048A}.Debug|Any CPU.Build.0 = Debug|Any CPU
		{284F7F49-3CF4-01EA-8FD6-E5ABDF0E048A}.Release|Any CPU.ActiveCfg = Release|Any CPU
		{284F7F49-3CF4-01EA-8FD6-E5ABDF0E048A}.Release|Any CPU.Build.0 = Release|Any CPU
	EndGlobalSection
	GlobalSection(SolutionProperties) = preSolution
		HideSolutionNode = FALSE
	EndGlobalSection
EndGlobal
